
Microsoft Visual Studio Solution File, Format Version 12.00
# Visual Studio Version 17
VisualStudioVersion = 17.7.34031.279
MinimumVisualStudioVersion = 10.0.40219.1
Project("{FAE04EC0-301F-11D3-BF4B-00C04F79EFBC}") = "EMS.Server", "EMS.Server\EMS.Server.csproj", "{B144D39E-BC86-44F4-A53B-1AF729191518}"
EndProject
Project("{FAE04EC0-301F-11D3-BF4B-00C04F79EFBC}") = "EMS.Client", "EMS.Client\EMS.Client.csproj", "{64B037BC-BDF8-4122-83BB-774D33E5E6AB}"
EndProject
Project("{FAE04EC0-301F-11D3-BF4B-00C04F79EFBC}") = "EMS.BaseLibrary", "EMS.BaseLibrary\EMS.BaseLibrary.csproj", "{339EBF65-8D20-44FD-93D8-0C03F6EBE62E}"
EndProject
Project("{FAE04EC0-301F-11D3-BF4B-00C04F79EFBC}") = "EMS.ServerLibrary", "EMS.ServerLibrary\EMS.ServerLibrary.csproj", "{61A10A86-7D90-4A64-B04E-5736E8B43423}"
EndProject
Project("{FAE04EC0-301F-11D3-BF4B-00C04F79EFBC}") = "EMS.ClientLibrary", "EMS.ClientLibrary\EMS.ClientLibrary.csproj", "{76BBE7B7-6608-4DA5-8278-2121AB7866C7}"
EndProject
Global
	GlobalSection(SolutionConfigurationPlatforms) = preSolution
		Debug|Any CPU = Debug|Any CPU
		Release|Any CPU = Release|Any CPU
	EndGlobalSection
	GlobalSection(ProjectConfigurationPlatforms) = postSolution
		{B144D39E-BC86-44F4-A53B-1AF729191518}.Debug|Any CPU.ActiveCfg = Debug|Any CPU
		{B144D39E-BC86-44F4-A53B-1AF729191518}.Debug|Any CPU.Build.0 = Debug|Any CPU
		{B144D39E-BC86-44F4-A53B-1AF729191518}.Release|Any CPU.ActiveCfg = Release|Any CPU
		{B144D39E-BC86-44F4-A53B-1AF729191518}.Release|Any CPU.Build.0 = Release|Any CPU
		{64B037BC-BDF8-4122-83BB-774D33E5E6AB}.Debug|Any CPU.ActiveCfg = Debug|Any CPU
		{64B037BC-BDF8-4122-83BB-774D33E5E6AB}.Debug|Any CPU.Build.0 = Debug|Any CPU
		{64B037BC-BDF8-4122-83BB-774D33E5E6AB}.Release|Any CPU.ActiveCfg = Release|Any CPU
		{64B037BC-BDF8-4122-83BB-774D33E5E6AB}.Release|Any CPU.Build.0 = Release|Any CPU
		{339EBF65-8D20-44FD-93D8-0C03F6EBE62E}.Debug|Any CPU.ActiveCfg = Debug|Any CPU
		{339EBF65-8D20-44FD-93D8-0C03F6EBE62E}.Debug|Any CPU.Build.0 = Debug|Any CPU
		{339EBF65-8D20-44FD-93D8-0C03F6EBE62E}.Release|Any CPU.ActiveCfg = Release|Any CPU
		{339EBF65-8D20-44FD-93D8-0C03F6EBE62E}.Release|Any CPU.Build.0 = Release|Any CPU
		{61A10A86-7D90-4A64-B04E-5736E8B43423}.Debug|Any CPU.ActiveCfg = Debug|Any CPU
		{61A10A86-7D90-4A64-B04E-5736E8B43423}.Debug|Any CPU.Build.0 = Debug|Any CPU
		{61A10A86-7D90-4A64-B04E-5736E8B43423}.Release|Any CPU.ActiveCfg = Release|Any CPU
		{61A10A86-7D90-4A64-B04E-5736E8B43423}.Release|Any CPU.Build.0 = Release|Any CPU
		{76BBE7B7-6608-4DA5-8278-2121AB7866C7}.Debug|Any CPU.ActiveCfg = Debug|Any CPU
		{76BBE7B7-6608-4DA5-8278-2121AB7866C7}.Debug|Any CPU.Build.0 = Debug|Any CPU
		{76BBE7B7-6608-4DA5-8278-2121AB7866C7}.Release|Any CPU.ActiveCfg = Release|Any CPU
		{76BBE7B7-6608-4DA5-8278-2121AB7866C7}.Release|Any CPU.Build.0 = Release|Any CPU
	EndGlobalSection
	GlobalSection(SolutionProperties) = preSolution
		HideSolutionNode = FALSE
	EndGlobalSection
	GlobalSection(ExtensibilityGlobals) = postSolution
		SolutionGuid = {13A17A12-0F48-44BE-A6D3-55002CF70FE2}
	EndGlobalSection
EndGlobal
